
Microsoft Visual Studio Solution File, Format Version 12.00
# Visual Studio 14
VisualStudioVersion = 14.0.25123.0
MinimumVisualStudioVersion = 10.0.40219.1
Project("{FAE04EC0-301F-11D3-BF4B-00C04F79EFBC}") = "integratedproject", "integratedproject\integratedproject.csproj", "{A33B342D-3E54-4A79-AC6A-C40FBA076505}"
EndProject
Project("{FAE04EC0-301F-11D3-BF4B-00C04F79EFBC}") = "Common", "Common\Common.csproj", "{59D6606A-6866-4144-A8E3-42D847E6237A}"
EndProject
Project("{2150E333-8FDC-42A3-9474-1A3956D46DE8}") = "Blog.BLL", "Blog.BLL", "{D3E83CE7-4849-49D2-8CB8-620D2A9848E7}"
EndProject
Project("{2150E333-8FDC-42A3-9474-1A3956D46DE8}") = "Blog.DAL", "Blog.DAL", "{727046BD-0BD5-400E-9999-EE2258595C4A}"
EndProject
Project("{2150E333-8FDC-42A3-9474-1A3956D46DE8}") = "Blog.Model", "Blog.Model", "{842B5D09-F40E-4185-87F0-0460BC941FE9}"
EndProject
Project("{FAE04EC0-301F-11D3-BF4B-00C04F79EFBC}") = "Blog.Model", "Blog.Model\Blog.Model.csproj", "{47225841-DC9B-4511-AB32-CCC4C10F9EEF}"
EndProject
Project("{FAE04EC0-301F-11D3-BF4B-00C04F79EFBC}") = "Blog.DAL", "Blog.DAL\Blog.DAL.csproj", "{04E1526A-7170-4AE9-B058-D3E78E191E39}"
EndProject
Project("{FAE04EC0-301F-11D3-BF4B-00C04F79EFBC}") = "Blog.BLL", "Blog.BLL\Blog.BLL.csproj", "{7539E2A2-91E8-4286-8F21-29D64150F76D}"
EndProject
Project("{FAE04EC0-301F-11D3-BF4B-00C04F79EFBC}") = "Blog.IBLL", "Blog.IBLL\Blog.IBLL.csproj", "{EEFAF2D1-97DA-42AE-967C-09CF0D6D7E5A}"
EndProject
Project("{FAE04EC0-301F-11D3-BF4B-00C04F79EFBC}") = "Blog.BLLContainer", "Blog.BLLContainer\Blog.BLLContainer.csproj", "{072BB8C1-51E8-4EC2-B7FA-C504778DF79C}"
EndProject
Project("{FAE04EC0-301F-11D3-BF4B-00C04F79EFBC}") = "Blog.DALContainer", "Blog.DALContainer\Blog.DALContainer.csproj", "{1D62592A-8CC5-46DA-9713-FFFD927071A8}"
EndProject
Project("{FAE04EC0-301F-11D3-BF4B-00C04F79EFBC}") = "Blog.IDAL", "Blog.IDAL\Blog.IDAL.csproj", "{BD36CAE9-756B-4A83-9D30-3C3A25F0BF74}"
EndProject
Global
	GlobalSection(SolutionConfigurationPlatforms) = preSolution
		Debug|Any CPU = Debug|Any CPU
		Release|Any CPU = Release|Any CPU
	EndGlobalSection
	GlobalSection(ProjectConfigurationPlatforms) = postSolution
		{A33B342D-3E54-4A79-AC6A-C40FBA076505}.Debug|Any CPU.ActiveCfg = Debug|Any CPU
		{A33B342D-3E54-4A79-AC6A-C40FBA076505}.Debug|Any CPU.Build.0 = Debug|Any CPU
		{A33B342D-3E54-4A79-AC6A-C40FBA076505}.Release|Any CPU.ActiveCfg = Release|Any CPU
		{A33B342D-3E54-4A79-AC6A-C40FBA076505}.Release|Any CPU.Build.0 = Release|Any CPU
		{59D6606A-6866-4144-A8E3-42D847E6237A}.Debug|Any CPU.ActiveCfg = Debug|Any CPU
		{59D6606A-6866-4144-A8E3-42D847E6237A}.Debug|Any CPU.Build.0 = Debug|Any CPU
		{59D6606A-6866-4144-A8E3-42D847E6237A}.Release|Any CPU.ActiveCfg = Release|Any CPU
		{59D6606A-6866-4144-A8E3-42D847E6237A}.Release|Any CPU.Build.0 = Release|Any CPU
		{47225841-DC9B-4511-AB32-CCC4C10F9EEF}.Debug|Any CPU.ActiveCfg = Debug|Any CPU
		{47225841-DC9B-4511-AB32-CCC4C10F9EEF}.Debug|Any CPU.Build.0 = Debug|Any CPU
		{47225841-DC9B-4511-AB32-CCC4C10F9EEF}.Release|Any CPU.ActiveCfg = Release|Any CPU
		{47225841-DC9B-4511-AB32-CCC4C10F9EEF}.Release|Any CPU.Build.0 = Release|Any CPU
		{04E1526A-7170-4AE9-B058-D3E78E191E39}.Debug|Any CPU.ActiveCfg = Debug|Any CPU
		{04E1526A-7170-4AE9-B058-D3E78E191E39}.Debug|Any CPU.Build.0 = Debug|Any CPU
		{04E1526A-7170-4AE9-B058-D3E78E191E39}.Release|Any CPU.ActiveCfg = Release|Any CPU
		{04E1526A-7170-4AE9-B058-D3E78E191E39}.Release|Any CPU.Build.0 = Release|Any CPU
		{7539E2A2-91E8-4286-8F21-29D64150F76D}.Debug|Any CPU.ActiveCfg = Debug|Any CPU
		{7539E2A2-91E8-4286-8F21-29D64150F76D}.Debug|Any CPU.Build.0 = Debug|Any CPU
		{7539E2A2-91E8-4286-8F21-29D64150F76D}.Release|Any CPU.ActiveCfg = Release|Any CPU
		{7539E2A2-91E8-4286-8F21-29D64150F76D}.Release|Any CPU.Build.0 = Release|Any CPU
		{EEFAF2D1-97DA-42AE-967C-09CF0D6D7E5A}.Debug|Any CPU.ActiveCfg = Debug|Any CPU
		{EEFAF2D1-97DA-42AE-967C-09CF0D6D7E5A}.Debug|Any CPU.Build.0 = Debug|Any CPU
		{EEFAF2D1-97DA-42AE-967C-09CF0D6D7E5A}.Release|Any CPU.ActiveCfg = Release|Any CPU
		{EEFAF2D1-97DA-42AE-967C-09CF0D6D7E5A}.Release|Any CPU.Build.0 = Release|Any CPU
		{072BB8C1-51E8-4EC2-B7FA-C504778DF79C}.Debug|Any CPU.ActiveCfg = Debug|Any CPU
		{072BB8C1-51E8-4EC2-B7FA-C504778DF79C}.Debug|Any CPU.Build.0 = Debug|Any CPU
		{072BB8C1-51E8-4EC2-B7FA-C504778DF79C}.Release|Any CPU.ActiveCfg = Release|Any CPU
		{072BB8C1-51E8-4EC2-B7FA-C504778DF79C}.Release|Any CPU.Build.0 = Release|Any CPU
		{1D62592A-8CC5-46DA-9713-FFFD927071A8}.Debug|Any CPU.ActiveCfg = Debug|Any CPU
		{1D62592A-8CC5-46DA-9713-FFFD927071A8}.Debug|Any CPU.Build.0 = Debug|Any CPU
		{1D62592A-8CC5-46DA-9713-FFFD927071A8}.Release|Any CPU.ActiveCfg = Release|Any CPU
		{1D62592A-8CC5-46DA-9713-FFFD927071A8}.Release|Any CPU.Build.0 = Release|Any CPU
		{BD36CAE9-756B-4A83-9D30-3C3A25F0BF74}.Debug|Any CPU.ActiveCfg = Debug|Any CPU
		{BD36CAE9-756B-4A83-9D30-3C3A25F0BF74}.Debug|Any CPU.Build.0 = Debug|Any CPU
		{BD36CAE9-756B-4A83-9D30-3C3A25F0BF74}.Release|Any CPU.ActiveCfg = Release|Any CPU
		{BD36CAE9-756B-4A83-9D30-3C3A25F0BF74}.Release|Any CPU.Build.0 = Release|Any CPU
	EndGlobalSection
	GlobalSection(SolutionProperties) = preSolution
		HideSolutionNode = FALSE
	EndGlobalSection
	GlobalSection(NestedProjects) = preSolution
		{47225841-DC9B-4511-AB32-CCC4C10F9EEF} = {842B5D09-F40E-4185-87F0-0460BC941FE9}
		{04E1526A-7170-4AE9-B058-D3E78E191E39} = {727046BD-0BD5-400E-9999-EE2258595C4A}
		{7539E2A2-91E8-4286-8F21-29D64150F76D} = {D3E83CE7-4849-49D2-8CB8-620D2A9848E7}
		{EEFAF2D1-97DA-42AE-967C-09CF0D6D7E5A} = {D3E83CE7-4849-49D2-8CB8-620D2A9848E7}
		{072BB8C1-51E8-4EC2-B7FA-C504778DF79C} = {D3E83CE7-4849-49D2-8CB8-620D2A9848E7}
		{1D62592A-8CC5-46DA-9713-FFFD927071A8} = {727046BD-0BD5-400E-9999-EE2258595C4A}
		{BD36CAE9-756B-4A83-9D30-3C3A25F0BF74} = {727046BD-0BD5-400E-9999-EE2258595C4A}
	EndGlobalSection
EndGlobal
